
Microsoft Visual Studio Solution File, Format Version 11.00
# Visual Studio 2010
# SharpDevelop 4.4
Project("{FAE04EC0-301F-11D3-BF4B-00C04F79EFBC}") = "Frontend", "Frontend\Frontend.csproj", "{F27C71D9-4BBA-4394-8CBD-074A22E7448D}"
EndProject
Project("{FAE04EC0-301F-11D3-BF4B-00C04F79EFBC}") = "Database", "Database\Database.csproj", "{B0A18264-BA61-4B85-84FC-AA75A764F541}"
EndProject
Project("{FAE04EC0-301F-11D3-BF4B-00C04F79EFBC}") = "Resources", "Resources\Resources.csproj", "{D61A3B5E-5F14-46F2-8EED-0460E72B7DCA}"
EndProject
Project("{FAE04EC0-301F-11D3-BF4B-00C04F79EFBC}") = "Test", "Test\Test.csproj", "{FCF5BFC9-FB2D-4CD9-927A-0A3A51B624D8}"
EndProject
Project("{FAE04EC0-301F-11D3-BF4B-00C04F79EFBC}") = "TestWorkshop", "TestWorkshop\TestWorkshop.csproj", "{F8CC6BBF-2C4E-45A4-A40B-77EA6F2FC89A}"
EndProject
Global
	GlobalSection(SolutionConfigurationPlatforms) = preSolution
		Debug|Any CPU = Debug|Any CPU
		Release|Any CPU = Release|Any CPU
	EndGlobalSection
	GlobalSection(ProjectConfigurationPlatforms) = postSolution
		{F27C71D9-4BBA-4394-8CBD-074A22E7448D}.Debug|Any CPU.Build.0 = Debug|Any CPU
		{F27C71D9-4BBA-4394-8CBD-074A22E7448D}.Debug|Any CPU.ActiveCfg = Debug|Any CPU
		{F27C71D9-4BBA-4394-8CBD-074A22E7448D}.Release|Any CPU.Build.0 = Release|Any CPU
		{F27C71D9-4BBA-4394-8CBD-074A22E7448D}.Release|Any CPU.ActiveCfg = Release|Any CPU
		{B0A18264-BA61-4B85-84FC-AA75A764F541}.Debug|Any CPU.Build.0 = Debug|Any CPU
		{B0A18264-BA61-4B85-84FC-AA75A764F541}.Debug|Any CPU.ActiveCfg = Debug|Any CPU
		{B0A18264-BA61-4B85-84FC-AA75A764F541}.Release|Any CPU.Build.0 = Release|Any CPU
		{B0A18264-BA61-4B85-84FC-AA75A764F541}.Release|Any CPU.ActiveCfg = Release|Any CPU
		{D61A3B5E-5F14-46F2-8EED-0460E72B7DCA}.Debug|Any CPU.Build.0 = Debug|Any CPU
		{D61A3B5E-5F14-46F2-8EED-0460E72B7DCA}.Debug|Any CPU.ActiveCfg = Debug|Any CPU
		{D61A3B5E-5F14-46F2-8EED-0460E72B7DCA}.Release|Any CPU.Build.0 = Release|Any CPU
		{D61A3B5E-5F14-46F2-8EED-0460E72B7DCA}.Release|Any CPU.ActiveCfg = Release|Any CPU
		{FCF5BFC9-FB2D-4CD9-927A-0A3A51B624D8}.Debug|Any CPU.Build.0 = Debug|Any CPU
		{FCF5BFC9-FB2D-4CD9-927A-0A3A51B624D8}.Debug|Any CPU.ActiveCfg = Debug|Any CPU
		{FCF5BFC9-FB2D-4CD9-927A-0A3A51B624D8}.Release|Any CPU.Build.0 = Release|Any CPU
		{FCF5BFC9-FB2D-4CD9-927A-0A3A51B624D8}.Release|Any CPU.ActiveCfg = Release|Any CPU
		{F8CC6BBF-2C4E-45A4-A40B-77EA6F2FC89A}.Debug|Any CPU.Build.0 = Debug|Any CPU
		{F8CC6BBF-2C4E-45A4-A40B-77EA6F2FC89A}.Debug|Any CPU.ActiveCfg = Debug|Any CPU
		{F8CC6BBF-2C4E-45A4-A40B-77EA6F2FC89A}.Release|Any CPU.Build.0 = Release|Any CPU
		{F8CC6BBF-2C4E-45A4-A40B-77EA6F2FC89A}.Release|Any CPU.ActiveCfg = Release|Any CPU
	EndGlobalSection
EndGlobal
